
Microsoft Visual Studio Solution File, Format Version 12.00
# Visual Studio Version 17
VisualStudioVersion = 17.14.37614.0 d17.14
MinimumVisualStudioVersion = 10.0.40219.1
Project("{FAE04EC0-301F-11D3-BF4B-00C04F79EFBC}") = "Mapiticos", "Mapiticos\Mapiticos.csproj", "{7E699166-748B-4F8A-BB5C-8BBAB2CE2FB6}"
EndProject
Global
	GlobalSection(SolutionConfigurationPlatforms) = preSolution
		Debug|Any CPU = Debug|Any CPU
		Release|Any CPU = Release|Any CPU
	EndGlobalSection
	GlobalSection(ProjectConfigurationPlatforms) = postSolution
		{7E699166-748B-4F8A-BB5C-8BBAB2CE2FB6}.Debug|Any CPU.ActiveCfg = Debug|Any CPU
		{7E699166-748B-4F8A-BB5C-8BBAB2CE2FB6}.Debug|Any CPU.Build.0 = Debug|Any CPU
		{7E699166-748B-4F8A-BB5C-8BBAB2CE2FB6}.Release|Any CPU.ActiveCfg = Release|Any CPU
		{7E699166-748B-4F8A-BB5C-8BBAB2CE2FB6}.Release|Any CPU.Build.0 = Release|Any CPU
	EndGlobalSection
	GlobalSection(SolutionProperties) = preSolution
		HideSolutionNode = FALSE
	EndGlobalSection
	GlobalSection(ExtensibilityGlobals) = postSolution
		SolutionGuid = {781EB78E-DF45-4F11-A88E-2F16C8722012}
	EndGlobalSection
EndGlobal
